{
  "nodes": {
    "aquamarine": {
      "inputs": {
        "hyprutils": [
          "hyprland",
          "hyprutils"
        ],
        "hyprwayland-scanner": [
          "hyprland",
          "hyprwayland-scanner"
        ],
        "nixpkgs": [
          "hyprland",
          "nixpkgs"
        ],
        "systems": [
          "hyprland",
          "systems"
        ]
      },
      "locked": {
        "lastModified": 1775558810,
        "narHash": "sha256-fy95EdPnqQlpbP8+rk0yWKclWShCUS5VKs6P7/1MF2c=",
        "owner": "hyprwm",
        "repo": "aquamarine",
        "rev": "7371b669b22aa2af980f913fc312a786d2f1abb2",
        "type": "github"
      },
      "original": {
        "owner": "hyprwm",
        "repo": "aquamarine",
        "type": "github"
      }
    },
    "base16-schemes": {
      "flake": false,
      "locked": {
        "lastModified": 1696158499,
        "narHash": "sha256-5yIHgDTPjoX/3oDEfLSQ0eJZdFL1SaCfb9d6M0RmOTM=",
        "owner": "tinted-theming",
        "repo": "base16-schemes",
        "rev": "a9112eaae86d9dd8ee6bb9445b664fba2f94037a",
        "type": "github"
      },
      "original": {
        "owner": "tinted-theming",
        "repo": "base16-schemes",
        "type": "github"
      }
    },
    "caelestia-cli": {
      "inputs": {
        "caelestia-shell": [
          "caelestia-shell"
        ],
        "nixpkgs": [
          "caelestia-shell",
          "nixpkgs"
        ]
      },
      "locked": {
        "lastModified": 1772764582,
        "narHash": "sha256-hSwjmpXHFqzSXrndVekA0IheKrbC7wi0IbfZTYwlmXw=",
        "owner": "caelestia-dots",
        "repo": "cli",
        "rev": "4bcd42f482d038b98145b0b03388244b68b7d35d",
        "type": "github"
      },
      "original": {
        "owner": "caelestia-dots",
        "repo": "cli",
        "type": "github"
      }
    },
    "caelestia-shell": {
      "inputs": {
        "caelestia-cli": "caelestia-cli",
        "nixpkgs": "nixpkgs",
        "quickshell": "quickshell"
      },
      "locked": {
        "lastModified": 1775801889,
        "narHash": "sha256-q1LGwhQbNOurIAClh5YwKVU2kJ5lTCxRYZf48bAb9IM=",
        "owner": "caelestia-dots",
        "repo": "shell",
        "rev": "0e07176ff149d02391531c802b51c28e73185f30",
        "type": "github"
      },
      "original": {
        "owner": "caelestia-dots",
        "repo": "shell",
        "type": "github"
      }
    },
    "crane": {
      "locked": {
        "lastModified": 1766774972,
        "narHash": "sha256-8qxEFpj4dVmIuPn9j9z6NTbU+hrcGjBOvaxTzre5HmM=",
        "owner": "ipetkov",
        "repo": "crane",
        "rev": "01bc1d404a51a0a07e9d8759cd50a7903e218c82",
        "type": "github"
      },
      "original": {
        "owner": "ipetkov",
        "repo": "crane",
        "type": "github"
      }
    },
    "fcitx5-gruvbox": {
      "flake": false,
      "locked": {
        "lastModified": 1611409392,
        "narHash": "sha256-UZc6UTpodxP3pJ6q58FZsJaHr1Wwl/NLYYmo22QYmNk=",
        "owner": "ayamir",
        "repo": "fcitx5-gruvbox",
        "rev": "80bd3ab4c723fc6fcc4a222b6cede6f8337eedda",
        "type": "github"
      },
      "original": {
        "owner": "ayamir",
        "repo": "fcitx5-gruvbox",
        "type": "github"
      }
    },
    "firefox-css-hacks": {
      "flake": false,
      "locked": {
        "lastModified": 1774892585,
        "narHash": "sha256-TCbdj6ZedgPSDQWJWFBPzDlLdgRcnsby3DWNHxmQ+b4=",
        "owner": "MrOtherGuy",
        "repo": "firefox-csshacks",
        "rev": "d02c1a92fa86777f3ae52f19e0c338a67eabe908",
        "type": "github"
      },
      "original": {
        "owner": "MrOtherGuy",
        "repo": "firefox-csshacks",
        "type": "github"
      }
    },
    "flake-compat": {
      "flake": false,
      "locked": {
        "lastModified": 1767039857,
        "narHash": "sha256-vNpUSpF5Nuw8xvDLj2KCwwksIbjua2LZCqhV1LNRDns=",
        "owner": "NixOS",
        "repo": "flake-compat",
        "rev": "5edf11c44bc78a0d334f6334cdaf7d60d732daab",
        "type": "github"
      },
      "original": {
        "owner": "NixOS",
        "repo": "flake-compat",
        "type": "github"
      }
    },
    "flake-parts": {
      "inputs": {
        "nixpkgs-lib": "nixpkgs-lib_2"
      },
      "locked": {
        "lastModified": 1765835352,
        "narHash": "sha256-XswHlK/Qtjasvhd1nOa1e8MgZ8GS//jBoTqWtrS1Giw=",
        "owner": "hercules-ci",
        "repo": "flake-parts",
        "rev": "a34fae9c08a15ad73f295041fec82323541400a9",
        "type": "github"
      },
      "original": {
        "owner": "hercules-ci",
        "repo": "flake-parts",
        "type": "github"
      }
    },
    "flake-utils": {
      "inputs": {
        "systems": "systems"
      },
      "locked": {
        "lastModified": 1694529238,
        "narHash": "sha256-zsNZZGTGnMOf9YpHKJqMSsa0dXbfmxeoJ7xHlrt+xmY=",
        "owner": "numtide",
        "repo": "flake-utils",
        "rev": "ff7b65b44d01cf9ba6a71320833626af21126384",
        "type": "github"
      },
      "original": {
        "owner": "numtide",
        "repo": "flake-utils",
        "type": "github"
      }
    },
    "gBar": {
      "inputs": {
        "flake-utils": "flake-utils",
        "nixpkgs": "nixpkgs_2"
      },
      "locked": {
        "lastModified": 1734456974,
        "narHash": "sha256-4OfcG1DcqemLrK5D75S1x25g9K0k2+eEUQUXgYEYBf8=",
        "owner": "scorpion-26",
        "repo": "gBar",
        "rev": "03bedc7471add061fb15e0ca1c9d2f729b8c5d7b",
        "type": "github"
      },
      "original": {
        "owner": "scorpion-26",
        "repo": "gBar",
        "type": "github"
      }
    },
    "gitignore": {
      "inputs": {
        "nixpkgs": [
          "hyprland",
          "pre-commit-hooks",
          "nixpkgs"
        ]
      },
      "locked": {
        "lastModified": 1709087332,
        "narHash": "sha256-HG2cCnktfHsKV0s4XW83gU3F57gaTljL9KNSuG6bnQs=",
        "owner": "hercules-ci",
        "repo": "gitignore.nix",
        "rev": "637db329424fd7e46cf4185293b9cc8c88c95394",
        "type": "github"
      },
      "original": {
        "owner": "hercules-ci",
        "repo": "gitignore.nix",
        "type": "github"
      }
    },
    "gruvbox-kvantum": {
      "flake": false,
      "locked": {
        "lastModified": 1727610972,
        "narHash": "sha256-o3EEpd8fsrKPNA6TmiK7KLxy6hld+MpSrtLAKPhtJOE=",
        "owner": "isouravgope",
        "repo": "Gruvbox-Kvantum",
        "rev": "29ba1f05affba26ef0e718de6ddb96c21ccd182e",
        "type": "github"
      },
      "original": {
        "owner": "isouravgope",
        "repo": "Gruvbox-Kvantum",
        "type": "github"
      }
    },
    "gruvbox-wallpapers": {
      "flake": false,
      "locked": {
        "lastModified": 1775757166,
        "narHash": "sha256-Ndijz+bCCt3ZUa/LiFQgep23jJUq39Xrdi7+aZIQnuQ=",
        "owner": "AngelJumbo",
        "repo": "gruvbox-wallpapers",
        "rev": "e8d4b7c4988accac2c87d89c34ed2903ed726baf",
        "type": "github"
      },
      "original": {
        "owner": "AngelJumbo",
        "repo": "gruvbox-wallpapers",
        "type": "github"
      }
    },
    "home-manager": {
      "inputs": {
        "nixpkgs": [
          "nixpkgs"
        ]
      },
      "locked": {
        "lastModified": 1775425411,
        "narHash": "sha256-KY6HsebJHEe5nHOWP7ur09mb0drGxYSzE3rQxy62rJo=",
        "owner": "nix-community",
        "repo": "home-manager",
        "rev": "0d02ec1d0a05f88ef9e74b516842900c41f0f2fe",
        "type": "github"
      },
      "original": {
        "owner": "nix-community",
        "ref": "release-25.11",
        "repo": "home-manager",
        "type": "github"
      }
    },
    "hycov": {
      "inputs": {
        "hyprland": [
          "hyprland"
        ],
        "nixpkgs": [
          "hycov",
          "hyprland",
          "nixpkgs"
        ],
        "systems": [
          "hycov",
          "hyprland",
          "systems"
        ]
      },
      "locked": {
        "lastModified": 1719328349,
        "narHash": "sha256-upIUl8IE5ow+CJKa2SIo3OL/djarGVr8pNe1j05uW1A=",
        "owner": "DreamMaoMao",
        "repo": "hycov",
        "rev": "de15cdd6bf2e46cbc69735307f340b57e2ce3dd0",
        "type": "github"
      },
      "original": {
        "owner": "DreamMaoMao",
        "repo": "hycov",
        "type": "github"
      }
    },
    "hypr-darkwindow": {
      "inputs": {
        "hyprland": [
          "hyprland"
        ],
        "nix-filter": "nix-filter"
      },
      "locked": {
        "lastModified": 1725890705,
        "narHash": "sha256-nE0aOYLwuRe3oYMEInPtkUCg/exCQWJIqM/ahrjqooE=",
        "owner": "micha4w",
        "repo": "Hypr-DarkWindow",
        "rev": "17481a16cfaf1cf545a94b2f8456c4edb040052b",
        "type": "github"
      },
      "original": {
        "owner": "micha4w",
        "ref": "v0.44.0",
        "repo": "Hypr-DarkWindow",
        "type": "github"
      }
    },
    "hyprcursor": {
      "inputs": {
        "hyprlang": [
          "hyprland",
          "hyprlang"
        ],
        "nixpkgs": [
          "hyprland",
          "nixpkgs"
        ],
        "systems": [
          "hyprland",
          "systems"
        ]
      },
      "locked": {
        "lastModified": 1772461003,
        "narHash": "sha256-pVICsV7FtcEeVwg5y/LFh3XFUkVJninm/P1j/JHzEbM=",
        "owner": "hyprwm",
        "repo": "hyprcursor",
        "rev": "b62396457b9cfe2ebf24fe05404b09d2a40f8ed7",
        "type": "github"
      },
      "original": {
        "owner": "hyprwm",
        "repo": "hyprcursor",
        "type": "github"
      }
    },
    "hyprgraphics": {
      "inputs": {
        "hyprutils": [
          "hyprland",
          "hyprutils"
        ],
        "nixpkgs": [
          "hyprland",
          "nixpkgs"
        ],
        "systems": [
          "hyprland",
          "systems"
        ]
      },
      "locked": {
        "lastModified": 1775496928,
        "narHash": "sha256-Ds759WU03mGWtu3I43J+5GF5Ni8TvF+GYQUFD+fVeMo=",
        "owner": "hyprwm",
        "repo": "hyprgraphics",
        "rev": "cf95d93d17baa18f1d9b016b3afe27f820521a6e",
        "type": "github"
      },
      "original": {
        "owner": "hyprwm",
        "repo": "hyprgraphics",
        "type": "github"
      }
    },
    "hyprgrass": {
      "inputs": {
        "hyprland": [
          "hyprland"
        ],
        "nixpkgs": [
          "hyprgrass",
          "hyprland",
          "nixpkgs"
        ]
      },
      "locked": {
        "lastModified": 1774740735,
        "narHash": "sha256-PJ9w8WTTxI/lJVgCFsNRYodG4Ab3H4EOgjSq1dHli+A=",
        "owner": "horriblename",
        "repo": "hyprgrass",
        "rev": "cd4810130e2e8fd8a0f7be4b69b42b9c902ad00a",
        "type": "github"
      },
      "original": {
        "owner": "horriblename",
        "repo": "hyprgrass",
        "type": "github"
      }
    },
    "hyprland": {
      "inputs": {
        "aquamarine": "aquamarine",
        "hyprcursor": "hyprcursor",
        "hyprgraphics": "hyprgraphics",
        "hyprland-guiutils": "hyprland-guiutils",
        "hyprland-protocols": "hyprland-protocols",
        "hyprlang": "hyprlang",
        "hyprutils": "hyprutils",
        "hyprwayland-scanner": "hyprwayland-scanner",
        "hyprwire": "hyprwire",
        "nixpkgs": [
          "nixpkgs"
        ],
        "pre-commit-hooks": "pre-commit-hooks",
        "systems": "systems_2",
        "xdph": "xdph"
      },
      "locked": {
        "lastModified": 1775916519,
        "narHash": "sha256-UVsGbJJ3FVN0UvG0UmayWEmGfkJ1piqkBsaXUS5Trvs=",
        "owner": "hyprwm",
        "repo": "Hyprland",
        "rev": "dbc07064ef27aa4b3f3fc9310bed60454052f013",
        "type": "github"
      },
      "original": {
        "owner": "hyprwm",
        "repo": "Hyprland",
        "type": "github"
      }
    },
    "hyprland-guiutils": {
      "inputs": {
        "aquamarine": [
          "hyprland",
          "aquamarine"
        ],
        "hyprgraphics": [
          "hyprland",
          "hyprgraphics"
        ],
        "hyprlang": [
          "hyprland",
          "hyprlang"
        ],
        "hyprtoolkit": "hyprtoolkit",
        "hyprutils": [
          "hyprland",
          "hyprutils"
        ],
        "hyprwayland-scanner": [
          "hyprland",
          "hyprwayland-scanner"
        ],
        "nixpkgs": [
          "hyprland",
          "nixpkgs"
        ],
        "systems": [
          "hyprland",
          "systems"
        ]
      },
      "locked": {
        "lastModified": 1774710575,
        "narHash": "sha256-p7Rcw13+gA4Z9EI3oGYe3neQ3FqyOOfZCleBTfhJ95Q=",
        "owner": "hyprwm",
        "repo": "hyprland-guiutils",
        "rev": "0703df899520001209646246bef63358c9881e36",
        "type": "github"
      },
      "original": {
        "owner": "hyprwm",
        "repo": "hyprland-guiutils",
        "type": "github"
      }
    },
    "hyprland-protocols": {
      "inputs": {
        "nixpkgs": [
          "hyprland",
          "nixpkgs"
        ],
        "systems": [
          "hyprland",
          "systems"
        ]
      },
      "locked": {
        "lastModified": 1772460177,
        "narHash": "sha256-/6G/MsPvtn7bc4Y32pserBT/Z4SUUdBd4XYJpOEKVR4=",
        "owner": "hyprwm",
        "repo": "hyprland-protocols",
        "rev": "1cb6db5fd6bb8aee419f4457402fa18293ace917",
        "type": "github"
      },
      "original": {
        "owner": "hyprwm",
        "repo": "hyprland-protocols",
        "type": "github"
      }
    },
    "hyprlang": {
      "inputs": {
        "hyprutils": [
          "hyprland",
          "hyprutils"
        ],
        "nixpkgs": [
          "hyprland",
          "nixpkgs"
        ],
        "systems": [
          "hyprland",
          "systems"
        ]
      },
      "locked": {
        "lastModified": 1772459629,
        "narHash": "sha256-/iwvNUYShmmnwmz/czEUh6+0eF5vCMv0xtDW0STPIuM=",
        "owner": "hyprwm",
        "repo": "hyprlang",
        "rev": "7615ee388de18239a4ab1400946f3d0e498a8186",
        "type": "github"
      },
      "original": {
        "owner": "hyprwm",
        "repo": "hyprlang",
        "type": "github"
      }
    },
    "hyprtoolkit": {
      "inputs": {
        "aquamarine": [
          "hyprland",
          "hyprland-guiutils",
          "aquamarine"
        ],
        "hyprgraphics": [
          "hyprland",
          "hyprland-guiutils",
          "hyprgraphics"
        ],
        "hyprlang": [
          "hyprland",
          "hyprland-guiutils",
          "hyprlang"
        ],
        "hyprutils": [
          "hyprland",
          "hyprland-guiutils",
          "hyprutils"
        ],
        "hyprwayland-scanner": [
          "hyprland",
          "hyprland-guiutils",
          "hyprwayland-scanner"
        ],
        "nixpkgs": [
          "hyprland",
          "hyprland-guiutils",
          "nixpkgs"
        ],
        "systems": [
          "hyprland",
          "hyprland-guiutils",
          "systems"
        ]
      },
      "locked": {
        "lastModified": 1772462885,
        "narHash": "sha256-5pHXrQK9zasMnIo6yME6EOXmWGFMSnCITcfKshhKJ9I=",
        "owner": "hyprwm",
        "repo": "hyprtoolkit",
        "rev": "9af245a69fa6b286b88ddfc340afd288e00a6998",
        "type": "github"
      },
      "original": {
        "owner": "hyprwm",
        "repo": "hyprtoolkit",
        "type": "github"
      }
    },
    "hyprutils": {
      "inputs": {
        "nixpkgs": [
          "hyprland",
          "nixpkgs"
        ],
        "systems": [
          "hyprland",
          "systems"
        ]
      },
      "locked": {
        "lastModified": 1774911391,
        "narHash": "sha256-c4YVwO33Mmw+FIV8E0u3atJZagHvGTJ9Jai6RtiB8rE=",
        "owner": "hyprwm",
        "repo": "hyprutils",
        "rev": "e6caa3d4d1427eedbdf556cf4ceb70f2d9c0b56d",
        "type": "github"
      },
      "original": {
        "owner": "hyprwm",
        "repo": "hyprutils",
        "type": "github"
      }
    },
    "hyprwayland-scanner": {
      "inputs": {
        "nixpkgs": [
          "hyprland",
          "nixpkgs"
        ],
        "systems": [
          "hyprland",
          "systems"
        ]
      },
      "locked": {
        "lastModified": 1772459835,
        "narHash": "sha256-978jRz/y/9TKmZb/qD4lEYHCQGHpEXGqy+8X2lFZsak=",
        "owner": "hyprwm",
        "repo": "hyprwayland-scanner",
        "rev": "0a692d4a645165eebd65f109146b8861e3a925e7",
        "type": "github"
      },
      "original": {
        "owner": "hyprwm",
        "repo": "hyprwayland-scanner",
        "type": "github"
      }
    },
    "hyprwire": {
      "inputs": {
        "hyprutils": [
          "hyprland",
          "hyprutils"
        ],
        "nixpkgs": [
          "hyprland",
          "nixpkgs"
        ],
        "systems": [
          "hyprland",
          "systems"
        ]
      },
      "locked": {
        "lastModified": 1775414057,
        "narHash": "sha256-mDpHnf+MkdOxEqIM1TnckYYh9p1SXR8B3KQfNZ12M8s=",
        "owner": "hyprwm",
        "repo": "hyprwire",
        "rev": "86012ee01b0fdd8bf3101ef38816f2efbee42490",
        "type": "github"
      },
      "original": {
        "owner": "hyprwm",
        "repo": "hyprwire",
        "type": "github"
      }
    },
    "nix-colors": {
      "inputs": {
        "base16-schemes": "base16-schemes",
        "nixpkgs-lib": "nixpkgs-lib"
      },
      "locked": {
        "lastModified": 1707825078,
        "narHash": "sha256-hTfge2J2W+42SZ7VHXkf4kjU+qzFqPeC9k66jAUBMHk=",
        "owner": "misterio77",
        "repo": "nix-colors",
        "rev": "b01f024090d2c4fc3152cd0cf12027a7b8453ba1",
        "type": "github"
      },
      "original": {
        "owner": "misterio77",
        "repo": "nix-colors",
        "type": "github"
      }
    },
    "nix-filter": {
      "locked": {
        "lastModified": 1710156097,
        "narHash": "sha256-1Wvk8UP7PXdf8bCCaEoMnOT1qe5/Duqgj+rL8sRQsSM=",
        "owner": "numtide",
        "repo": "nix-filter",
        "rev": "3342559a24e85fc164b295c3444e8a139924675b",
        "type": "github"
      },
      "original": {
        "owner": "numtide",
        "repo": "nix-filter",
        "type": "github"
      }
    },
    "nix-flatpak": {
      "locked": {
        "lastModified": 1768656715,
        "narHash": "sha256-Sbh037scxKFm7xL0ahgSCw+X2/5ZKeOwI2clqrYr9j4=",
        "owner": "gmodena",
        "repo": "nix-flatpak",
        "rev": "123fe29340a5b8671367055b75a6e7c320d6f89a",
        "type": "github"
      },
      "original": {
        "owner": "gmodena",
        "repo": "nix-flatpak",
        "type": "github"
      }
    },
    "nixpkgs": {
      "locked": {
        "lastModified": 1772773019,
        "narHash": "sha256-E1bxHxNKfDoQUuvriG71+f+s/NT0qWkImXsYZNFFfCs=",
        "owner": "nixos",
        "repo": "nixpkgs",
        "rev": "aca4d95fce4914b3892661bcb80b8087293536c6",
        "type": "github"
      },
      "original": {
        "owner": "nixos",
        "ref": "nixos-unstable",
        "repo": "nixpkgs",
        "type": "github"
      }
    },
    "nixpkgs-howdy": {
      "flake": false,
      "locked": {
        "lastModified": 1768922466,
        "narHash": "sha256-Gtht3GbFGkcVlPZePFvkKYbLbqcmfGkmc8lsakvefOc=",
        "owner": "fufexan",
        "repo": "nixpkgs",
        "rev": "beea11b99e0ee7e9891f2273743e1a07f84156a5",
        "type": "github"
      },
      "original": {
        "owner": "fufexan",
        "ref": "howdy",
        "repo": "nixpkgs",
        "type": "github"
      }
    },
    "nixpkgs-lib": {
      "locked": {
        "lastModified": 1697935651,
        "narHash": "sha256-qOfWjQ2JQSQL15KLh6D7xQhx0qgZlYZTYlcEiRuAMMw=",
        "owner": "nix-community",
        "repo": "nixpkgs.lib",
        "rev": "e1e11fdbb01113d85c7f41cada9d2847660e3902",
        "type": "github"
      },
      "original": {
        "owner": "nix-community",
        "repo": "nixpkgs.lib",
        "type": "github"
      }
    },
    "nixpkgs-lib_2": {
      "locked": {
        "lastModified": 1765674936,
        "narHash": "sha256-k00uTP4JNfmejrCLJOwdObYC9jHRrr/5M/a/8L2EIdo=",
        "owner": "nix-community",
        "repo": "nixpkgs.lib",
        "rev": "2075416fcb47225d9b68ac469a5c4801a9c4dd85",
        "type": "github"
      },
      "original": {
        "owner": "nix-community",
        "repo": "nixpkgs.lib",
        "type": "github"
      }
    },
    "nixpkgs-master": {
      "locked": {
        "lastModified": 1775960202,
        "narHash": "sha256-9bsYwzgJyvkFg27Q2QX0fZImnLWIQpywcKYLVUE7FuI=",
        "owner": "nixos",
        "repo": "nixpkgs",
        "rev": "f2062e6429245713ccb719d706956691708237d1",
        "type": "github"
      },
      "original": {
        "owner": "nixos",
        "ref": "master",
        "repo": "nixpkgs",
        "type": "github"
      }
    },
    "nixpkgs-unstable": {
      "locked": {
        "lastModified": 1775710090,
        "narHash": "sha256-ar3rofg+awPB8QXDaFJhJ2jJhu+KqN/PRCXeyuXR76E=",
        "owner": "nixos",
        "repo": "nixpkgs",
        "rev": "4c1018dae018162ec878d42fec712642d214fdfa",
        "type": "github"
      },
      "original": {
        "owner": "nixos",
        "ref": "nixos-unstable",
        "repo": "nixpkgs",
        "type": "github"
      }
    },
    "nixpkgs_2": {
      "locked": {
        "lastModified": 1701040486,
        "narHash": "sha256-vawYwoHA5CwvjfqaT3A5CT9V36Eq43gxdwpux32Qkjw=",
        "owner": "NixOS",
        "repo": "nixpkgs",
        "rev": "45827faa2132b8eade424f6bdd48d8828754341a",
        "type": "github"
      },
      "original": {
        "owner": "NixOS",
        "ref": "nixpkgs-unstable",
        "repo": "nixpkgs",
        "type": "github"
      }
    },
    "nixpkgs_3": {
      "locked": {
        "lastModified": 1775811116,
        "narHash": "sha256-t+HZK42pB6N+i5RGbuy7Xluez/VvWbembBdvzsc23Ss=",
        "owner": "nixos",
        "repo": "nixpkgs",
        "rev": "54170c54449ea4d6725efd30d719c5e505f1c10e",
        "type": "github"
      },
      "original": {
        "owner": "nixos",
        "ref": "nixos-25.11",
        "repo": "nixpkgs",
        "type": "github"
      }
    },
    "nixpkgs_4": {
      "locked": {
        "lastModified": 1767026758,
        "narHash": "sha256-7fsac/f7nh/VaKJ/qm3I338+wAJa/3J57cOGpXi0Sbg=",
        "owner": "NixOS",
        "repo": "nixpkgs",
        "rev": "346dd96ad74dc4457a9db9de4f4f57dab2e5731d",
        "type": "github"
      },
      "original": {
        "owner": "NixOS",
        "ref": "nixpkgs-unstable",
        "repo": "nixpkgs",
        "type": "github"
      }
    },
    "patched-sddm-sugar-dark": {
      "flake": false,
      "locked": {
        "lastModified": 1741366900,
        "narHash": "sha256-17PiH5kUEZzm8Me0Sa90dxnbooWOw0vGj4M0isV+kGE=",
        "owner": "BenMac31",
        "repo": "sddm-sugar-dark",
        "rev": "42f7965b15cbb42edd3d2ae8d57264c3c3b6e703",
        "type": "github"
      },
      "original": {
        "owner": "BenMac31",
        "repo": "sddm-sugar-dark",
        "type": "github"
      }
    },
    "pre-commit-hooks": {
      "inputs": {
        "flake-compat": "flake-compat",
        "gitignore": "gitignore",
        "nixpkgs": [
          "hyprland",
          "nixpkgs"
        ]
      },
      "locked": {
        "lastModified": 1775036584,
        "narHash": "sha256-zW0lyy7ZNNT/x8JhzFHBsP2IPx7ATZIPai4FJj12BgU=",
        "owner": "cachix",
        "repo": "git-hooks.nix",
        "rev": "4e0eb042b67d863b1b34b3f64d52ceb9cd926735",
        "type": "github"
      },
      "original": {
        "owner": "cachix",
        "repo": "git-hooks.nix",
        "type": "github"
      }
    },
    "quickshell": {
      "inputs": {
        "nixpkgs": [
          "caelestia-shell",
          "nixpkgs"
        ]
      },
      "locked": {
        "lastModified": 1772925576,
        "narHash": "sha256-mMoiXABDtkSJxCYDrkhJ/TrrJf5M46oUfIlJvv2gkZ0=",
        "ref": "refs/heads/master",
        "rev": "15a84097653593dd15fad59a56befc2b7bdc270d",
        "revCount": 750,
        "type": "git",
        "url": "https://git.outfoxxed.me/outfoxxed/quickshell"
      },
      "original": {
        "type": "git",
        "url": "https://git.outfoxxed.me/outfoxxed/quickshell"
      }
    },
    "root": {
      "inputs": {
        "caelestia-shell": "caelestia-shell",
        "fcitx5-gruvbox": "fcitx5-gruvbox",
        "firefox-css-hacks": "firefox-css-hacks",
        "gBar": "gBar",
        "gruvbox-kvantum": "gruvbox-kvantum",
        "gruvbox-wallpapers": "gruvbox-wallpapers",
        "home-manager": "home-manager",
        "hycov": "hycov",
        "hypr-darkwindow": "hypr-darkwindow",
        "hyprgrass": "hyprgrass",
        "hyprland": "hyprland",
        "nix-colors": "nix-colors",
        "nix-flatpak": "nix-flatpak",
        "nixpkgs": "nixpkgs_3",
        "nixpkgs-howdy": "nixpkgs-howdy",
        "nixpkgs-master": "nixpkgs-master",
        "nixpkgs-unstable": "nixpkgs-unstable",
        "patched-sddm-sugar-dark": "patched-sddm-sugar-dark",
        "secrets": "secrets",
        "xremap-flake": "xremap-flake"
      }
    },
    "secrets": {
      "flake": false,
      "locked": {
        "lastModified": 1772400005,
        "narHash": "sha256-uoHjSNPHdJf++GEyBiydCjw//S/3wXwfF30L9IZ32Hw=",
        "path": "/home/xia/nixos/secrets.nix",
        "type": "path"
      },
      "original": {
        "path": "/home/xia/nixos/secrets.nix",
        "type": "path"
      }
    },
    "systems": {
      "locked": {
        "lastModified": 1681028828,
        "narHash": "sha256-Vy1rq5AaRuLzOxct8nz4T6wlgyUR7zLU309k9mBC768=",
        "owner": "nix-systems",
        "repo": "default",
        "rev": "da67096a3b9bf56a91d16901293e51ba5b49a27e",
        "type": "github"
      },
      "original": {
        "owner": "nix-systems",
        "repo": "default",
        "type": "github"
      }
    },
    "systems_2": {
      "locked": {
        "lastModified": 1689347949,
        "narHash": "sha256-12tWmuL2zgBgZkdoB6qXZsgJEH9LR3oUgpaQq2RbI80=",
        "owner": "nix-systems",
        "repo": "default-linux",
        "rev": "31732fcf5e8fea42e59c2488ad31a0e651500f68",
        "type": "github"
      },
      "original": {
        "owner": "nix-systems",
        "repo": "default-linux",
        "type": "github"
      }
    },
    "xdph": {
      "inputs": {
        "hyprland-protocols": [
          "hyprland",
          "hyprland-protocols"
        ],
        "hyprlang": [
          "hyprland",
          "hyprlang"
        ],
        "hyprutils": [
          "hyprland",
          "hyprutils"
        ],
        "hyprwayland-scanner": [
          "hyprland",
          "hyprwayland-scanner"
        ],
        "nixpkgs": [
          "hyprland",
          "nixpkgs"
        ],
        "systems": [
          "hyprland",
          "systems"
        ]
      },
      "locked": {
        "lastModified": 1773601989,
        "narHash": "sha256-2tJf/CQoHApoIudxHeJye+0Ii7scR0Yyi7pNiWk0Hn8=",
        "owner": "hyprwm",
        "repo": "xdg-desktop-portal-hyprland",
        "rev": "a9b862d1aa000a676d310cc62d249f7ad726233d",
        "type": "github"
      },
      "original": {
        "owner": "hyprwm",
        "repo": "xdg-desktop-portal-hyprland",
        "type": "github"
      }
    },
    "xremap": {
      "flake": false,
      "locked": {
        "lastModified": 1775133010,
        "narHash": "sha256-8IryQGSAxIVQiGGiY3trDvvJ50c19LHP4KvIa3P0zII=",
        "owner": "k0kubun",
        "repo": "xremap",
        "rev": "b259225a266f17a874294a010227ca8a3b76b0eb",
        "type": "github"
      },
      "original": {
        "owner": "k0kubun",
        "ref": "v0.15.0",
        "repo": "xremap",
        "type": "github"
      }
    },
    "xremap-flake": {
      "inputs": {
        "crane": "crane",
        "flake-parts": "flake-parts",
        "nixpkgs": "nixpkgs_4",
        "xremap": "xremap"
      },
      "locked": {
        "lastModified": 1775535490,
        "narHash": "sha256-aWJVyp0Fg2MdXuNkJUbDplDc3M6+WWpwh/9/M5IJfWM=",
        "owner": "xremap",
        "repo": "nix-flake",
        "rev": "a990d0ae4f8a0f751423947259154bbdbd693cd2",
        "type": "github"
      },
      "original": {
        "owner": "xremap",
        "repo": "nix-flake",
        "type": "github"
      }
    }
  },
  "root": "root",
  "version": 7
}
